// !$*UTF8*$!
{
	archiveVersion = 1;
	classes = {
	};
	objectVersion = 46;
	objects = {

/* Begin PBXBuildFile section */
		388167581E799F8C005414A4 /* AppDelegate.swift in Sources */ = {isa = PBXBuildFile; fileRef = 388167571E799F8C005414A4 /* AppDelegate.swift */; };
		3881675A1E799F8C005414A4 /* ViewController.swift in Sources */ = {isa = PBXBuildFile; fileRef = 388167591E799F8C005414A4 /* ViewController.swift */; };
		3881675D1E799F8C005414A4 /* Main.storyboard in Resources */ = {isa = PBXBuildFile; fileRef = 3881675B1E799F8C005414A4 /* Main.storyboard */; };
		3881675F1E799F8C005414A4 /* Assets.xcassets in Resources */ = {isa = PBXBuildFile; fileRef = 3881675E1E799F8C005414A4 /* Assets.xcassets */; };
		388167621E799F8C005414A4 /* LaunchScreen.storyboard in Resources */ = {isa = PBXBuildFile; fileRef = 388167601E799F8C005414A4 /* LaunchScreen.storyboard */; };
		3881676A1E79AA61005414A4 /* CheckAVAuthorizationStatus.swift in Sources */ = {isa = PBXBuildFile; fileRef = 388167691E79AA61005414A4 /* CheckAVAuthorizationStatus.swift */; };
		452CC1AE74F87EA5C4225C72 /* Pods_ImagePicker.framework in Frameworks */ = {isa = PBXBuildFile; fileRef = 9EB328C1711DB75B8C5BD36D /* Pods_ImagePicker.framework */; };
/* End PBXBuildFile section */

/* Begin PBXFileReference section */
		388167541E799F8C005414A4 /* ImagePicker.app */ = {isa = PBXFileReference; explicitFileType = wrapper.application; includeInIndex = 0; path = ImagePicker.app; sourceTree = BUILT_PRODUCTS_DIR; };
		388167571E799F8C005414A4 /* AppDelegate.swift */ = {isa = PBXFileReference; lastKnownFileType = sourcecode.swift; path = AppDelegate.swift; sourceTree = "<group>"; };
		388167591E799F8C005414A4 /* ViewController.swift */ = {isa = PBXFileReference; lastKnownFileType = sourcecode.swift; path = ViewController.swift; sourceTree = "<group>"; };
		3881675C1E799F8C005414A4 /* Base */ = {isa = PBXFileReference; lastKnownFileType = file.storyboard; name = Base; path = Base.lproj/Main.storyboard; sourceTree = "<group>"; };
		3881675E1E799F8C005414A4 /* Assets.xcassets */ = {isa = PBXFileReference; lastKnownFileType = folder.assetcatalog; path = Assets.xcassets; sourceTree = "<group>"; };
		388167611E799F8C005414A4 /* Base */ = {isa = PBXFileReference; lastKnownFileType = file.storyboard; name = Base; path = Base.lproj/LaunchScreen.storyboard; sourceTree = "<group>"; };
		388167631E799F8C005414A4 /* Info.plist */ = {isa = PBXFileReference; lastKnownFileType = text.plist.xml; path = Info.plist; sourceTree = "<group>"; };
		388167691E79AA61005414A4 /* CheckAVAuthorizationStatus.swift */ = {isa = PBXFileReference; fileEncoding = 4; lastKnownFileType = sourcecode.swift; path = CheckAVAuthorizationStatus.swift; sourceTree = "<group>"; };
		9EB328C1711DB75B8C5BD36D /* Pods_ImagePicker.framework */ = {isa = PBXFileReference; explicitFileType = wrapper.framework; includeInIndex = 0; path = Pods_ImagePicker.framework; sourceTree = BUILT_PRODUCTS_DIR; };
		A7BAEC82C90236AA8EE86E0F /* Pods-ImagePicker.debug.xcconfig */ = {isa = PBXFileReference; includeInIndex = 1; lastKnownFileType = text.xcconfig; name = "Pods-ImagePicker.debug.xcconfig"; path = "Pods/Target Support Files/Pods-ImagePicker/Pods-ImagePicker.debug.xcconfig"; sourceTree = "<group>"; };
		FC936B1C5E79DF1518198966 /* Pods-ImagePicker.release.xcconfig */ = {isa = PBXFileReference; includeInIndex = 1; lastKnownFileType = text.xcconfig; name = "Pods-ImagePicker.release.xcconfig"; path = "Pods/Target Support Files/Pods-ImagePicker/Pods-ImagePicker.release.xcconfig"; sourceTree = "<group>"; };
/* End PBXFileReference section */

/* Begin PBXFrameworksBuildPhase section */
		388167511E799F8C005414A4 /* Frameworks */ = {
			isa = PBXFrameworksBuildPhase;
			buildActionMask = 2147483647;
			files = (
				452CC1AE74F87EA5C4225C72 /* Pods_ImagePicker.framework in Frameworks */,
			);
			runOnlyForDeploymentPostprocessing = 0;
		};
/* End PBXFrameworksBuildPhase section */

/* Begin PBXGroup section */
		3881674B1E799F8C005414A4 = {
			isa = PBXGroup;
			children = (
				388167561E799F8C005414A4 /* ImagePicker */,
				388167551E799F8C005414A4 /* Products */,
				65DE76269DDC6B27BA26A41E /* Pods */,
				C4FF3A0B3E23A1B79F09F68D /* Frameworks */,
			);
			sourceTree = "<group>";
		};
		388167551E799F8C005414A4 /* Products */ = {
			isa = PBXGroup;
			children = (
				388167541E799F8C005414A4 /* ImagePicker.app */,
			);
			name = Products;
			sourceTree = "<group>";
		};
		388167561E799F8C005414A4 /* ImagePicker */ = {
			isa = PBXGroup;
			children = (
				388167571E799F8C005414A4 /* AppDelegate.swift */,
				388167591E799F8C005414A4 /* ViewController.swift */,
				388167691E79AA61005414A4 /* CheckAVAuthorizationStatus.swift */,
				3881675B1E799F8C005414A4 /* Main.storyboard */,
				3881675E1E799F8C005414A4 /* Assets.xcassets */,
				388167601E799F8C005414A4 /* LaunchScreen.storyboard */,
				388167631E799F8C005414A4 /* Info.plist */,
			);
			path = ImagePicker;
			sourceTree = "<group>";
		};
		65DE76269DDC6B27BA26A41E /* Pods */ = {
			isa = PBXGroup;
			children = (
				A7BAEC82C90236AA8EE86E0F /* Pods-ImagePicker.debug.xcconfig */,
				FC936B1C5E79DF1518198966 /* Pods-ImagePicker.release.xcconfig */,
			);
			name = Pods;
			sourceTree = "<group>";
		};
		C4FF3A0B3E23A1B79F09F68D /* Frameworks */ = {
			isa = PBXGroup;
			children = (
				9EB328C1711DB75B8C5BD36D /* Pods_ImagePicker.framework */,
			);
			name = Frameworks;
			sourceTree = "<group>";
		};
/* End PBXGroup section */

/* Begin PBXNativeTarget section */
		388167531E799F8C005414A4 /* ImagePicker */ = {
			isa = PBXNativeTarget;
			buildConfigurationList = 388167661E799F8C005414A4 /* Build configuration list for PBXNativeTarget "ImagePicker" */;
			buildPhases = (
				CC0FC0DEBA7E10B5A0715092 /* [CP] Check Pods Manifest.lock */,
				388167501E799F8C005414A4 /* Sources */,
				388167511E799F8C005414A4 /* Frameworks */,
				388167521E799F8C005414A4 /* Resources */,
				9D38F647A72ED9A896D1C169 /* [CP] Embed Pods Frameworks */,
				98E180E2CB75DA38818C38CD /* [CP] Copy Pods Resources */,
			);
			buildRules = (
			);
			dependencies = (
			);
			name = ImagePicker;
			productName = ImagePicker;
			productReference = 388167541E799F8C005414A4 /* ImagePicker.app */;
			productType = "com.apple.product-type.application";
		};
/* End PBXNativeTarget section */

/* Begin PBXProject section */
		3881674C1E799F8C005414A4 /* Project object */ = {
			isa = PBXProject;
			attributes = {
				LastSwiftUpdateCheck = 0820;
				LastUpgradeCheck = 0820;
				ORGANIZATIONNAME = Abhilash;
				TargetAttributes = {
					388167531E799F8C005414A4 = {
						CreatedOnToolsVersion = 8.2.1;
						DevelopmentTeam = REN5U7DWDF;
						ProvisioningStyle = Automatic;
					};
				};
			};
			buildConfigurationList = 3881674F1E799F8C005414A4 /* Build configuration list for PBXProject "ImagePicker" */;
			compatibilityVersion = "Xcode 3.2";
			developmentRegion = English;
			hasScannedForEncodings = 0;
			knownRegions = (
				en,
				Base,
			);
			mainGroup = 3881674B1E799F8C005414A4;
			productRefGroup = 388167551E799F8C005414A4 /* Products */;
			projectDirPath = "";
			projectRoot = "";
			targets = (
				388167531E799F8C005414A4 /* ImagePicker */,
			);
		};
/* End PBXProject section */

/* Begin PBXResourcesBuildPhase section */
		388167521E799F8C005414A4 /* Resources */ = {
			isa = PBXResourcesBuildPhase;
			buildActionMask = 2147483647;
			files = (
				388167621E799F8C005414A4 /* LaunchScreen.storyboard in Resources */,
				3881675F1E799F8C005414A4 /* Assets.xcassets in Resources */,
				3881675D1E799F8C005414A4 /* Main.storyboard in Resources */,
			);
			runOnlyForDeploymentPostprocessing = 0;
		};
/* End PBXResourcesBuildPhase section */

/* Begin PBXShellScriptBuildPhase section */
		98E180E2CB75DA38818C38CD /* [CP] Copy Pods Resources */ = {
			isa = PBXShellScriptBuildPhase;
			buildActionMask = 2147483647;
			files = (
			);
			inputPaths = (
			);
			name = "[CP] Copy Pods Resources";
			outputPaths = (
			);
			runOnlyForDeploymentPostprocessing = 0;
			shellPath = /bin/sh;
			shellScript = "\"${SRCROOT}/Pods/Target Support Files/Pods-ImagePicker/Pods-ImagePicker-resources.sh\"\n";
			showEnvVarsInLog = 0;
		};
		9D38F647A72ED9A896D1C169 /* [CP] Embed Pods Frameworks */ = {
			isa = PBXShellScriptBuildPhase;
			buildActionMask = 2147483647;
			files = (
			);
			inputPaths = (
			);
			name = "[CP] Embed Pods Frameworks";
			outputPaths = (
			);
			runOnlyForDeploymentPostprocessing = 0;
			shellPath = /bin/sh;
			shellScript = "\"${SRCROOT}/Pods/Target Support Files/Pods-ImagePicker/Pods-ImagePicker-frameworks.sh\"\n";
			showEnvVarsInLog = 0;
		};
		CC0FC0DEBA7E10B5A0715092 /* [CP] Check Pods Manifest.lock */ = {
			isa = PBXShellScriptBuildPhase;
			buildActionMask = 2147483647;
			files = (
			);
			inputPaths = (
			);
			name = "[CP] Check Pods Manifest.lock";
			outputPaths = (
			);
			runOnlyForDeploymentPostprocessing = 0;
			shellPath = /bin/sh;
			shellScript = "diff \"${PODS_PODFILE_DIR_PATH}/Podfile.lock\" \"${PODS_ROOT}/Manifest.lock\" > /dev/null\nif [ $? != 0 ] ; then\n    # print error to STDERR\n    echo \"error: The sandbox is not in sync with the Podfile.lock. Run 'pod install' or update your CocoaPods installation.\" >&2\n    exit 1\nfi\n";
			showEnvVarsInLog = 0;
		};
/* End PBXShellScriptBuildPhase section */

/* Begin PBXSourcesBuildPhase section */
		388167501E799F8C005414A4 /* Sources */ = {
			isa = PBXSourcesBuildPhase;
			buildActionMask = 2147483647;
			files = (
				3881675A1E799F8C005414A4 /* ViewController.swift in Sources */,
				388167581E799F8C005414A4 /* AppDelegate.swift in Sources */,
				3881676A1E79AA61005414A4 /* CheckAVAuthorizationStatus.swift in Sources */,
			);
			runOnlyForDeploymentPostprocessing = 0;
		};
/* End PBXSourcesBuildPhase section */

/* Begin PBXVariantGroup section */
		3881675B1E799F8C005414A4 /* Main.storyboard */ = {
			isa = PBXVariantGroup;
			children = (
				3881675C1E799F8C005414A4 /* Base */,
			);
			name = Main.storyboard;
			sourceTree = "<group>";
		};
		388167601E799F8C005414A4 /* LaunchScreen.storyboard */ = {
			isa = PBXVariantGroup;
			children = (
				388167611E799F8C005414A4 /* Base */,
			);
			name = LaunchScreen.storyboard;
			sourceTree = "<group>";
		};
/* End PBXVariantGroup section */

/* Begin XCBuildConfiguration section */
		388167641E799F8C005414A4 /* Debug */ = {
			isa = XCBuildConfiguration;
			buildSettings = {
				ALWAYS_SEARCH_USER_PATHS = NO;
				CLANG_ANALYZER_NONNULL = YES;
				CLANG_CXX_LANGUAGE_STANDARD = "gnu++0x";
				CLANG_CXX_LIBRARY = "libc++";
				CLANG_ENABLE_MODULES = YES;
				CLANG_ENABLE_OBJC_ARC = YES;
				CLANG_WARN_BOOL_CONVERSION = YES;
				CLANG_WARN_CONSTANT_CONVERSION = YES;
				CLANG_WARN_DIRECT_OBJC_ISA_USAGE = YES_ERROR;
				CLANG_WARN_DOCUMENTATION_COMMENTS = YES;
				CLANG_WARN_EMPTY_BODY = YES;
				CLANG_WARN_ENUM_CONVERSION = YES;
				CLANG_WARN_INFINITE_RECURSION = YES;
				CLANG_WARN_INT_CONVERSION = YES;
				CLANG_WARN_OBJC_ROOT_CLASS = YES_ERROR;
				CLANG_WARN_SUSPICIOUS_MOVE = YES;
				CLANG_WARN_UNREACHABLE_CODE = YES;
				CLANG_WARN__DUPLICATE_METHOD_MATCH = YES;
				"CODE_SIGN_IDENTITY[sdk=iphoneos*]" = "iPhone Developer";
				COPY_PHASE_STRIP = NO;
				DEBUG_INFORMATION_FORMAT = dwarf;
				ENABLE_STRICT_OBJC_MSGSEND = YES;
				ENABLE_TESTABILITY = YES;
				GCC_C_LANGUAGE_STANDARD = gnu99;
				GCC_DYNAMIC_NO_PIC = NO;
				GCC_NO_COMMON_BLOCKS = YES;
				GCC_OPTIMIZATION_LEVEL = 0;
				GCC_PREPROCESSOR_DEFINITIONS = (
					"DEBUG=1",
					"$(inherited)",
				);
				GCC_WARN_64_TO_32_BIT_CONVERSION = YES;
				GCC_WARN_ABOUT_RETURN_TYPE = YES_ERROR;
				GCC_WARN_UNDECLARED_SELECTOR = YES;
				GCC_WARN_UNINITIALIZED_AUTOS = YES_AGGRESSIVE;
				GCC_WARN_UNUSED_FUNCTION = YES;
				GCC_WARN_UNUSED_VARIABLE = YES;
				IPHONEOS_DEPLOYMENT_TARGET = 10.2;
				MTL_ENABLE_DEBUG_INFO = YES;
				ONLY_ACTIVE_ARCH = YES;
				SDKROOT = iphoneos;
				SWIFT_ACTIVE_COMPILATION_CONDITIONS = DEBUG;
				SWIFT_OPTIMIZATION_LEVEL = "-Onone";
				TARGETED_DEVICE_FAMILY = "1,2";
			};
			name = Debug;
		};
		388167651E799F8C005414A4 /* Release */ = {
			isa = XCBuildConfiguration;
			buildSettings = {
				ALWAYS_SEARCH_USER_PATHS = NO;
				CLANG_ANALYZER_NONNULL = YES;
				CLANG_CXX_LANGUAGE_STANDARD = "gnu++0x";
				CLANG_CXX_LIBRARY = "libc++";
				CLANG_ENABLE_MODULES = YES;
				CLANG_ENABLE_OBJC_ARC = YES;
				CLANG_WARN_BOOL_CONVERSION = YES;
				CLANG_WARN_CONSTANT_CONVERSION = YES;
				CLANG_WARN_DIRECT_OBJC_ISA_USAGE = YES_ERROR;
				CLANG_WARN_DOCUMENTATION_COMMENTS = YES;
				CLANG_WARN_EMPTY_BODY = YES;
				CLANG_WARN_ENUM_CONVERSION = YES;
				CLANG_WARN_INFINITE_RECURSION = YES;
				CLANG_WARN_INT_CONVERSION = YES;
				CLANG_WARN_OBJC_ROOT_CLASS = YES_ERROR;
				CLANG_WARN_SUSPICIOUS_MOVE = YES;
				CLANG_WARN_UNREACHABLE_CODE = YES;
				CLANG_WARN__DUPLICATE_METHOD_MATCH = YES;
				"CODE_SIGN_IDENTITY[sdk=iphoneos*]" = "iPhone Developer";
				COPY_PHASE_STRIP = NO;
				DEBUG_INFORMATION_FORMAT = "dwarf-with-dsym";
				ENABLE_NS_ASSERTIONS = NO;
				ENABLE_STRICT_OBJC_MSGSEND = YES;
				GCC_C_LANGUAGE_STANDARD = gnu99;
				GCC_NO_COMMON_BLOCKS = YES;
				GCC_WARN_64_TO_32_BIT_CONVERSION = YES;
				GCC_WARN_ABOUT_RETURN_TYPE = YES_ERROR;
				GCC_WARN_UNDECLARED_SELECTOR = YES;
				GCC_WARN_UNINITIALIZED_AUTOS = YES_AGGRESSIVE;
				GCC_WARN_UNUSED_FUNCTION = YES;
				GCC_WARN_UNUSED_VARIABLE = YES;
				IPHONEOS_DEPLOYMENT_TARGET = 10.2;
				MTL_ENABLE_DEBUG_INFO = NO;
				SDKROOT = iphoneos;
				SWIFT_OPTIMIZATION_LEVEL = "-Owholemodule";
				TARGETED_DEVICE_FAMILY = "1,2";
				VALIDATE_PRODUCT = YES;
			};
			name = Release;
		};
		388167671E799F8C005414A4 /* Debug */ = {
			isa = XCBuildConfiguration;
			baseConfigurationReference = A7BAEC82C90236AA8EE86E0F /* Pods-ImagePicker.debug.xcconfig */;
			buildSettings = {
				ASSETCATALOG_COMPILER_APPICON_NAME = AppIcon;
				DEVELOPMENT_TEAM = REN5U7DWDF;
				INFOPLIST_FILE = ImagePicker/Info.plist;
				LD_RUNPATH_SEARCH_PATHS = "$(inherited) @executable_path/Frameworks";
				PRODUCT_BUNDLE_IDENTIFIER = SPS.tts;
				PRODUCT_NAME = "$(TARGET_NAME)";
				SWIFT_VERSION = 3.0;
			};
			name = Debug;
		};
		388167681E799F8C005414A4 /* Release */ = {
			isa = XCBuildConfiguration;
			baseConfigurationReference = FC936B1C5E79DF1518198966 /* Pods-ImagePicker.release.xcconfig */;
			buildSettings = {
				ASSETCATALOG_COMPILER_APPICON_NAME = AppIcon;
				DEVELOPMENT_TEAM = REN5U7DWDF;
				INFOPLIST_FILE = ImagePicker/Info.plist;
				LD_RUNPATH_SEARCH_PATHS = "$(inherited) @executable_path/Frameworks";
				PRODUCT_BUNDLE_IDENTIFIER = SPS.tts;
				PRODUCT_NAME = "$(TARGET_NAME)";
				SWIFT_VERSION = 3.0;
			};
			name = Release;
		};
/* End XCBuildConfiguration section */

/* Begin XCConfigurationList section */
		3881674F1E799F8C005414A4 /* Build configuration list for PBXProject "ImagePicker" */ = {
			isa = XCConfigurationList;
			buildConfigurations = (
				388167641E799F8C005414A4 /* Debug */,
				388167651E799F8C005414A4 /* Release */,
			);
			defaultConfigurationIsVisible = 0;
			defaultConfigurationName = Release;
		};
		388167661E799F8C005414A4 /* Build configuration list for PBXNativeTarget "ImagePicker" */ = {
			isa = XCConfigurationList;
			buildConfigurations = (
				388167671E799F8C005414A4 /* Debug */,
				388167681E799F8C005414A4 /* Release */,
			);
			defaultConfigurationIsVisible = 0;
			defaultConfigurationName = Release;
		};
/* End XCConfigurationList section */
	};
	rootObject = 3881674C1E799F8C005414A4 /* Project object */;
}
